
Microsoft Visual Studio Solution File, Format Version 12.00
# Visual Studio Version 16
VisualStudioVersion = 16.0.29926.136
MinimumVisualStudioVersion = 10.0.40219.1
Project("{FAE04EC0-301F-11D3-BF4B-00C04F79EFBC}") = "[5]", "[5]\[5].csproj", "{519B8F6B-C61E-4473-AD36-3B1F63C55F49}"
EndProject
Global
	GlobalSection(SolutionConfigurationPlatforms) = preSolution
		Debug|Any CPU = Debug|Any CPU
		Release|Any CPU = Release|Any CPU
	EndGlobalSection
	GlobalSection(ProjectConfigurationPlatforms) = postSolution
		{519B8F6B-C61E-4473-AD36-3B1F63C55F49}.Debug|Any CPU.ActiveCfg = Debug|Any CPU
		{519B8F6B-C61E-4473-AD36-3B1F63C55F49}.Debug|Any CPU.Build.0 = Debug|Any CPU
		{519B8F6B-C61E-4473-AD36-3B1F63C55F49}.Release|Any CPU.ActiveCfg = Release|Any CPU
		{519B8F6B-C61E-4473-AD36-3B1F63C55F49}.Release|Any CPU.Build.0 = Release|Any CPU
	EndGlobalSection
	GlobalSection(SolutionProperties) = preSolution
		HideSolutionNode = FALSE
	EndGlobalSection
	GlobalSection(ExtensibilityGlobals) = postSolution
		SolutionGuid = {DDB6582E-AA4B-4A36-8A85-1060A51E5152}
	EndGlobalSection
EndGlobal
